// !$*UTF8*$!
{
	archiveVersion = 1;
	classes = {
	};
	objectVersion = 56;
	objects = {

/* Begin PBXBuildFile section */
		3F5915E52950F259003AD258 /* RGBColorApp.swift in Sources */ = {isa = PBXBuildFile; fileRef = 3F5915E42950F259003AD258 /* RGBColorApp.swift */; };
		3F5915E72950F259003AD258 /* ContentView.swift in Sources */ = {isa = PBXBuildFile; fileRef = 3F5915E62950F259003AD258 /* ContentView.swift */; };
		3F5915E92950F25A003AD258 /* Assets.xcassets in Resources */ = {isa = PBXBuildFile; fileRef = 3F5915E82950F25A003AD258 /* Assets.xcassets */; };
		3F5915EC2950F25A003AD258 /* Preview Assets.xcassets in Resources */ = {isa = PBXBuildFile; fileRef = 3F5915EB2950F25A003AD258 /* Preview Assets.xcassets */; };
		3F5915F62950F25A003AD258 /* RGBColorTests.swift in Sources */ = {isa = PBXBuildFile; fileRef = 3F5915F52950F25A003AD258 /* RGBColorTests.swift */; };
		3F5916002950F25A003AD258 /* RGBColorUITests.swift in Sources */ = {isa = PBXBuildFile; fileRef = 3F5915FF2950F25A003AD258 /* RGBColorUITests.swift */; };
		3F5916022950F25A003AD258 /* RGBColorUITestsLaunchTests.swift in Sources */ = {isa = PBXBuildFile; fileRef = 3F5916012950F25A003AD258 /* RGBColorUITestsLaunchTests.swift */; };
/* End PBXBuildFile section */

/* Begin PBXContainerItemProxy section */
		3F5915F22950F25A003AD258 /* PBXContainerItemProxy */ = {
			isa = PBXContainerItemProxy;
			containerPortal = 3F5915D92950F259003AD258 /* Project object */;
			proxyType = 1;
			remoteGlobalIDString = 3F5915E02950F259003AD258;
			remoteInfo = RGBColor;
		};
		3F5915FC2950F25A003AD258 /* PBXContainerItemProxy */ = {
			isa = PBXContainerItemProxy;
			containerPortal = 3F5915D92950F259003AD258 /* Project object */;
			proxyType = 1;
			remoteGlobalIDString = 3F5915E02950F259003AD258;
			remoteInfo = RGBColor;
		};
/* End PBXContainerItemProxy section */

/* Begin PBXFileReference section */
		3F5915E12950F259003AD258 /* RGBColor.app */ = {isa = PBXFileReference; explicitFileType = wrapper.application; includeInIndex = 0; path = RGBColor.app; sourceTree = BUILT_PRODUCTS_DIR; };
		3F5915E42950F259003AD258 /* RGBColorApp.swift */ = {isa = PBXFileReference; lastKnownFileType = sourcecode.swift; path = RGBColorApp.swift; sourceTree = "<group>"; };
		3F5915E62950F259003AD258 /* ContentView.swift */ = {isa = PBXFileReference; lastKnownFileType = sourcecode.swift; path = ContentView.swift; sourceTree = "<group>"; };
		3F5915E82950F25A003AD258 /* Assets.xcassets */ = {isa = PBXFileReference; lastKnownFileType = folder.assetcatalog; path = Assets.xcassets; sourceTree = "<group>"; };
		3F5915EB2950F25A003AD258 /* Preview Assets.xcassets */ = {isa = PBXFileReference; lastKnownFileType = folder.assetcatalog; path = "Preview Assets.xcassets"; sourceTree = "<group>"; };
		3F5915F12950F25A003AD258 /* RGBColorTests.xctest */ = {isa = PBXFileReference; explicitFileType = wrapper.cfbundle; includeInIndex = 0; path = RGBColorTests.xctest; sourceTree = BUILT_PRODUCTS_DIR; };
		3F5915F52950F25A003AD258 /* RGBColorTests.swift */ = {isa = PBXFileReference; lastKnownFileType = sourcecode.swift; path = RGBColorTests.swift; sourceTree = "<group>"; };
		3F5915FB2950F25A003AD258 /* RGBColorUITests.xctest */ = {isa = PBXFileReference; explicitFileType = wrapper.cfbundle; includeInIndex = 0; path = RGBColorUITests.xctest; sourceTree = BUILT_PRODUCTS_DIR; };
		3F5915FF2950F25A003AD258 /* RGBColorUITests.swift */ = {isa = PBXFileReference; lastKnownFileType = sourcecode.swift; path = RGBColorUITests.swift; sourceTree = "<group>"; };
		3F5916012950F25A003AD258 /* RGBColorUITestsLaunchTests.swift */ = {isa = PBXFileReference; lastKnownFileType = sourcecode.swift; path = RGBColorUITestsLaunchTests.swift; sourceTree = "<group>"; };
/* End PBXFileReference section */

/* Begin PBXFrameworksBuildPhase section */
		3F5915DE2950F259003AD258 /* Frameworks */ = {
			isa = PBXFrameworksBuildPhase;
			buildActionMask = 2147483647;
			files = (
			);
			runOnlyForDeploymentPostprocessing = 0;
		};
		3F5915EE2950F25A003AD258 /* Frameworks */ = {
			isa = PBXFrameworksBuildPhase;
			buildActionMask = 2147483647;
			files = (
			);
			runOnlyForDeploymentPostprocessing = 0;
		};
		3F5915F82950F25A003AD258 /* Frameworks */ = {
			isa = PBXFrameworksBuildPhase;
			buildActionMask = 2147483647;
			files = (
			);
			runOnlyForDeploymentPostprocessing = 0;
		};
/* End PBXFrameworksBuildPhase section */

/* Begin PBXGroup section */
		3F5915D82950F259003AD258 = {
			isa = PBXGroup;
			children = (
				3F5915E32950F259003AD258 /* RGBColor */,
				3F5915F42950F25A003AD258 /* RGBColorTests */,
				3F5915FE2950F25A003AD258 /* RGBColorUITests */,
				3F5915E22950F259003AD258 /* Products */,
			);
			sourceTree = "<group>";
		};
		3F5915E22950F259003AD258 /* Products */ = {
			isa = PBXGroup;
			children = (
				3F5915E12950F259003AD258 /* RGBColor.app */,
				3F5915F12950F25A003AD258 /* RGBColorTests.xctest */,
				3F5915FB2950F25A003AD258 /* RGBColorUITests.xctest */,
			);
			name = Products;
			sourceTree = "<group>";
		};
		3F5915E32950F259003AD258 /* RGBColor */ = {
			isa = PBXGroup;
			children = (
				3F5915E42950F259003AD258 /* RGBColorApp.swift */,
				3F5915E62950F259003AD258 /* ContentView.swift */,
				3F5915E82950F25A003AD258 /* Assets.xcassets */,
				3F5915EA2950F25A003AD258 /* Preview Content */,
			);
			path = RGBColor;
			sourceTree = "<group>";
		};
		3F5915EA2950F25A003AD258 /* Preview Content */ = {
			isa = PBXGroup;
			children = (
				3F5915EB2950F25A003AD258 /* Preview Assets.xcassets */,
			);
			path = "Preview Content";
			sourceTree = "<group>";
		};
		3F5915F42950F25A003AD258 /* RGBColorTests */ = {
			isa = PBXGroup;
			children = (
				3F5915F52950F25A003AD258 /* RGBColorTests.swift */,
			);
			path = RGBColorTests;
			sourceTree = "<group>";
		};
		3F5915FE2950F25A003AD258 /* RGBColorUITests */ = {
			isa = PBXGroup;
			children = (
				3F5915FF2950F25A003AD258 /* RGBColorUITests.swift */,
				3F5916012950F25A003AD258 /* RGBColorUITestsLaunchTests.swift */,
			);
			path = RGBColorUITests;
			sourceTree = "<group>";
		};
/* End PBXGroup section */

/* Begin PBXNativeTarget section */
		3F5915E02950F259003AD258 /* RGBColor */ = {
			isa = PBXNativeTarget;
			buildConfigurationList = 3F5916052950F25A003AD258 /* Build configuration list for PBXNativeTarget "RGBColor" */;
			buildPhases = (
				3F5915DD2950F259003AD258 /* Sources */,
				3F5915DE2950F259003AD258 /* Frameworks */,
				3F5915DF2950F259003AD258 /* Resources */,
			);
			buildRules = (
			);
			dependencies = (
			);
			name = RGBColor;
			productName = RGBColor;
			productReference = 3F5915E12950F259003AD258 /* RGBColor.app */;
			productType = "com.apple.product-type.application";
		};
		3F5915F02950F25A003AD258 /* RGBColorTests */ = {
			isa = PBXNativeTarget;
			buildConfigurationList = 3F5916082950F25A003AD258 /* Build configuration list for PBXNativeTarget "RGBColorTests" */;
			buildPhases = (
				3F5915ED2950F25A003AD258 /* Sources */,
				3F5915EE2950F25A003AD258 /* Frameworks */,
				3F5915EF2950F25A003AD258 /* Resources */,
			);
			buildRules = (
			);
			dependencies = (
				3F5915F32950F25A003AD258 /* PBXTargetDependency */,
			);
			name = RGBColorTests;
			productName = RGBColorTests;
			productReference = 3F5915F12950F25A003AD258 /* RGBColorTests.xctest */;
			productType = "com.apple.product-type.bundle.unit-test";
		};
		3F5915FA2950F25A003AD258 /* RGBColorUITests */ = {
			isa = PBXNativeTarget;
			buildConfigurationList = 3F59160B2950F25A003AD258 /* Build configuration list for PBXNativeTarget "RGBColorUITests" */;
			buildPhases = (
				3F5915F72950F25A003AD258 /* Sources */,
				3F5915F82950F25A003AD258 /* Frameworks */,
				3F5915F92950F25A003AD258 /* Resources */,
			);
			buildRules = (
			);
			dependencies = (
				3F5915FD2950F25A003AD258 /* PBXTargetDependency */,
			);
			name = RGBColorUITests;
			productName = RGBColorUITests;
			productReference = 3F5915FB2950F25A003AD258 /* RGBColorUITests.xctest */;
			productType = "com.apple.product-type.bundle.ui-testing";
		};
/* End PBXNativeTarget section */

/* Begin PBXProject section */
		3F5915D92950F259003AD258 /* Project object */ = {
			isa = PBXProject;
			attributes = {
				BuildIndependentTargetsInParallel = 1;
				LastSwiftUpdateCheck = 1420;
				LastUpgradeCheck = 1420;
				TargetAttributes = {
					3F5915E02950F259003AD258 = {
						CreatedOnToolsVersion = 14.2;
					};
					3F5915F02950F25A003AD258 = {
						CreatedOnToolsVersion = 14.2;
						TestTargetID = 3F5915E02950F259003AD258;
					};
					3F5915FA2950F25A003AD258 = {
						CreatedOnToolsVersion = 14.2;
						TestTargetID = 3F5915E02950F259003AD258;
					};
				};
			};
			buildConfigurationList = 3F5915DC2950F259003AD258 /* Build configuration list for PBXProject "RGBColor" */;
			compatibilityVersion = "Xcode 14.0";
			developmentRegion = en;
			hasScannedForEncodings = 0;
			knownRegions = (
				en,
				Base,
			);
			mainGroup = 3F5915D82950F259003AD258;
			productRefGroup = 3F5915E22950F259003AD258 /* Products */;
			projectDirPath = "";
			projectRoot = "";
			targets = (
				3F5915E02950F259003AD258 /* RGBColor */,
				3F5915F02950F25A003AD258 /* RGBColorTests */,
				3F5915FA2950F25A003AD258 /* RGBColorUITests */,
			);
		};
/* End PBXProject section */

/* Begin PBXResourcesBuildPhase section */
		3F5915DF2950F259003AD258 /* Resources */ = {
			isa = PBXResourcesBuildPhase;
			buildActionMask = 2147483647;
			files = (
				3F5915EC2950F25A003AD258 /* Preview Assets.xcassets in Resources */,
				3F5915E92950F25A003AD258 /* Assets.xcassets in Resources */,
			);
			runOnlyForDeploymentPostprocessing = 0;
		};
		3F5915EF2950F25A003AD258 /* Resources */ = {
			isa = PBXResourcesBuildPhase;
			buildActionMask = 2147483647;
			files = (
			);
			runOnlyForDeploymentPostprocessing = 0;
		};
		3F5915F92950F25A003AD258 /* Resources */ = {
			isa = PBXResourcesBuildPhase;
			buildActionMask = 2147483647;
			files = (
			);
			runOnlyForDeploymentPostprocessing = 0;
		};
/* End PBXResourcesBuildPhase section */

/* Begin PBXSourcesBuildPhase section */
		3F5915DD2950F259003AD258 /* Sources */ = {
			isa = PBXSourcesBuildPhase;
			buildActionMask = 2147483647;
			files = (
				3F5915E72950F259003AD258 /* ContentView.swift in Sources */,
				3F5915E52950F259003AD258 /* RGBColorApp.swift in Sources */,
			);
			runOnlyForDeploymentPostprocessing = 0;
		};
		3F5915ED2950F25A003AD258 /* Sources */ = {
			isa = PBXSourcesBuildPhase;
			buildActionMask = 2147483647;
			files = (
				3F5915F62950F25A003AD258 /* RGBColorTests.swift in Sources */,
			);
			runOnlyForDeploymentPostprocessing = 0;
		};
		3F5915F72950F25A003AD258 /* Sources */ = {
			isa = PBXSourcesBuildPhase;
			buildActionMask = 2147483647;
			files = (
				3F5916022950F25A003AD258 /* RGBColorUITestsLaunchTests.swift in Sources */,
				3F5916002950F25A003AD258 /* RGBColorUITests.swift in Sources */,
			);
			runOnlyForDeploymentPostprocessing = 0;
		};
/* End PBXSourcesBuildPhase section */

/* Begin PBXTargetDependency section */
		3F5915F32950F25A003AD258 /* PBXTargetDependency */ = {
			isa = PBXTargetDependency;
			target = 3F5915E02950F259003AD258 /* RGBColor */;
			targetProxy = 3F5915F22950F25A003AD258 /* PBXContainerItemProxy */;
		};
		3F5915FD2950F25A003AD258 /* PBXTargetDependency */ = {
			isa = PBXTargetDependency;
			target = 3F5915E02950F259003AD258 /* RGBColor */;
			targetProxy = 3F5915FC2950F25A003AD258 /* PBXContainerItemProxy */;
		};
/* End PBXTargetDependency section */

/* Begin XCBuildConfiguration section */
		3F5916032950F25A003AD258 /* Debug */ = {
			isa = XCBuildConfiguration;
			buildSettings = {
				ALWAYS_SEARCH_USER_PATHS = NO;
				CLANG_ANALYZER_NONNULL = YES;
				CLANG_ANALYZER_NUMBER_OBJECT_CONVERSION = YES_AGGRESSIVE;
				CLANG_CXX_LANGUAGE_STANDARD = "gnu++20";
				CLANG_ENABLE_MODULES = YES;
				CLANG_ENABLE_OBJC_ARC = YES;
				CLANG_ENABLE_OBJC_WEAK = YES;
				CLANG_WARN_BLOCK_CAPTURE_AUTORELEASING = YES;
				CLANG_WARN_BOOL_CONVERSION = YES;
				CLANG_WARN_COMMA = YES;
				CLANG_WARN_CONSTANT_CONVERSION = YES;
				CLANG_WARN_DEPRECATED_OBJC_IMPLEMENTATIONS = YES;
				CLANG_WARN_DIRECT_OBJC_ISA_USAGE = YES_ERROR;
				CLANG_WARN_DOCUMENTATION_COMMENTS = YES;
				CLANG_WARN_EMPTY_BODY = YES;
				CLANG_WARN_ENUM_CONVERSION = YES;
				CLANG_WARN_INFINITE_RECURSION = YES;
				CLANG_WARN_INT_CONVERSION = YES;
				CLANG_WARN_NON_LITERAL_NULL_CONVERSION = YES;
				CLANG_WARN_OBJC_IMPLICIT_RETAIN_SELF = YES;
				CLANG_WARN_OBJC_LITERAL_CONVERSION = YES;
				CLANG_WARN_OBJC_ROOT_CLASS = YES_ERROR;
				CLANG_WARN_QUOTED_INCLUDE_IN_FRAMEWORK_HEADER = YES;
				CLANG_WARN_RANGE_LOOP_ANALYSIS = YES;
				CLANG_WARN_STRICT_PROTOTYPES = YES;
				CLANG_WARN_SUSPICIOUS_MOVE = YES;
				CLANG_WARN_UNGUARDED_AVAILABILITY = YES_AGGRESSIVE;
				CLANG_WARN_UNREACHABLE_CODE = YES;
				CLANG_WARN__DUPLICATE_METHOD_MATCH = YES;
				COPY_PHASE_STRIP = NO;
				DEBUG_INFORMATION_FORMAT = dwarf;
				ENABLE_STRICT_OBJC_MSGSEND = YES;
				ENABLE_TESTABILITY = YES;
				GCC_C_LANGUAGE_STANDARD = gnu11;
				GCC_DYNAMIC_NO_PIC = NO;
				GCC_NO_COMMON_BLOCKS = YES;
				GCC_OPTIMIZATION_LEVEL = 0;
				GCC_PREPROCESSOR_DEFINITIONS = (
					"DEBUG=1",
					"$(inherited)",
				);
				GCC_WARN_64_TO_32_BIT_CONVERSION = YES;
				GCC_WARN_ABOUT_RETURN_TYPE = YES_ERROR;
				GCC_WARN_UNDECLARED_SELECTOR = YES;
				GCC_WARN_UNINITIALIZED_AUTOS = YES_AGGRESSIVE;
				GCC_WARN_UNUSED_FUNCTION = YES;
				GCC_WARN_UNUSED_VARIABLE = YES;
				IPHONEOS_DEPLOYMENT_TARGET = 16.2;
				MTL_ENABLE_DEBUG_INFO = INCLUDE_SOURCE;
				MTL_FAST_MATH = YES;
				ONLY_ACTIVE_ARCH = YES;
				SDKROOT = iphoneos;
				SWIFT_ACTIVE_COMPILATION_CONDITIONS = DEBUG;
				SWIFT_OPTIMIZATION_LEVEL = "-Onone";
			};
			name = Debug;
		};
		3F5916042950F25A003AD258 /* Release */ = {
			isa = XCBuildConfiguration;
			buildSettings = {
				ALWAYS_SEARCH_USER_PATHS = NO;
				CLANG_ANALYZER_NONNULL = YES;
				CLANG_ANALYZER_NUMBER_OBJECT_CONVERSION = YES_AGGRESSIVE;
				CLANG_CXX_LANGUAGE_STANDARD = "gnu++20";
				CLANG_ENABLE_MODULES = YES;
				CLANG_ENABLE_OBJC_ARC = YES;
				CLANG_ENABLE_OBJC_WEAK = YES;
				CLANG_WARN_BLOCK_CAPTURE_AUTORELEASING = YES;
				CLANG_WARN_BOOL_CONVERSION = YES;
				CLANG_WARN_COMMA = YES;
				CLANG_WARN_CONSTANT_CONVERSION = YES;
				CLANG_WARN_DEPRECATED_OBJC_IMPLEMENTATIONS = YES;
				CLANG_WARN_DIRECT_OBJC_ISA_USAGE = YES_ERROR;
				CLANG_WARN_DOCUMENTATION_COMMENTS = YES;
				CLANG_WARN_EMPTY_BODY = YES;
				CLANG_WARN_ENUM_CONVERSION = YES;
				CLANG_WARN_INFINITE_RECURSION = YES;
				CLANG_WARN_INT_CONVERSION = YES;
				CLANG_WARN_NON_LITERAL_NULL_CONVERSION = YES;
				CLANG_WARN_OBJC_IMPLICIT_RETAIN_SELF = YES;
				CLANG_WARN_OBJC_LITERAL_CONVERSION = YES;
				CLANG_WARN_OBJC_ROOT_CLASS = YES_ERROR;
				CLANG_WARN_QUOTED_INCLUDE_IN_FRAMEWORK_HEADER = YES;
				CLANG_WARN_RANGE_LOOP_ANALYSIS = YES;
				CLANG_WARN_STRICT_PROTOTYPES = YES;
				CLANG_WARN_SUSPICIOUS_MOVE = YES;
				CLANG_WARN_UNGUARDED_AVAILABILITY = YES_AGGRESSIVE;
				CLANG_WARN_UNREACHABLE_CODE = YES;
				CLANG_WARN__DUPLICATE_METHOD_MATCH = YES;
				COPY_PHASE_STRIP = NO;
				DEBUG_INFORMATION_FORMAT = "dwarf-with-dsym";
				ENABLE_NS_ASSERTIONS = NO;
				ENABLE_STRICT_OBJC_MSGSEND = YES;
				GCC_C_LANGUAGE_STANDARD = gnu11;
				GCC_NO_COMMON_BLOCKS = YES;
				GCC_WARN_64_TO_32_BIT_CONVERSION = YES;
				GCC_WARN_ABOUT_RETURN_TYPE = YES_ERROR;
				GCC_WARN_UNDECLARED_SELECTOR = YES;
				GCC_WARN_UNINITIALIZED_AUTOS = YES_AGGRESSIVE;
				GCC_WARN_UNUSED_FUNCTION = YES;
				GCC_WARN_UNUSED_VARIABLE = YES;
				IPHONEOS_DEPLOYMENT_TARGET = 16.2;
				MTL_ENABLE_DEBUG_INFO = NO;
				MTL_FAST_MATH = YES;
				SDKROOT = iphoneos;
				SWIFT_COMPILATION_MODE = wholemodule;
				SWIFT_OPTIMIZATION_LEVEL = "-O";
				VALIDATE_PRODUCT = YES;
			};
			name = Release;
		};
		3F5916062950F25A003AD258 /* Debug */ = {
			isa = XCBuildConfiguration;
			buildSettings = {
				ASSETCATALOG_COMPILER_APPICON_NAME = AppIcon;
				ASSETCATALOG_COMPILER_GLOBAL_ACCENT_COLOR_NAME = AccentColor;
				CODE_SIGN_STYLE = Automatic;
				CURRENT_PROJECT_VERSION = 1;
				DEVELOPMENT_ASSET_PATHS = "\"RGBColor/Preview Content\"";
				DEVELOPMENT_TEAM = 9W9M3JPL7S;
				ENABLE_PREVIEWS = YES;
				GENERATE_INFOPLIST_FILE = YES;
				INFOPLIST_KEY_UIApplicationSceneManifest_Generation = YES;
				INFOPLIST_KEY_UIApplicationSupportsIndirectInputEvents = YES;
				INFOPLIST_KEY_UILaunchScreen_Generation = YES;
				INFOPLIST_KEY_UISupportedInterfaceOrientations_iPad = "UIInterfaceOrientationPortrait UIInterfaceOrientationPortraitUpsideDown UIInterfaceOrientationLandscapeLeft UIInterfaceOrientationLandscapeRight";
				INFOPLIST_KEY_UISupportedInterfaceOrientations_iPhone = "UIInterfaceOrientationPortrait UIInterfaceOrientationLandscapeLeft UIInterfaceOrientationLandscapeRight";
				LD_RUNPATH_SEARCH_PATHS = (
					"$(inherited)",
					"@executable_path/Frameworks",
				);
				MARKETING_VERSION = 1.0;
				PRODUCT_BUNDLE_IDENTIFIER = "Aamer-Essa.RGBColor";
				PRODUCT_NAME = "$(TARGET_NAME)";
				SWIFT_EMIT_LOC_STRINGS = YES;
				SWIFT_VERSION = 5.0;
				TARGETED_DEVICE_FAMILY = "1,2";
			};
			name = Debug;
		};
		3F5916072950F25A003AD258 /* Release */ = {
			isa = XCBuildConfiguration;
			buildSettings = {
				ASSETCATALOG_COMPILER_APPICON_NAME = AppIcon;
				ASSETCATALOG_COMPILER_GLOBAL_ACCENT_COLOR_NAME = AccentColor;
				CODE_SIGN_STYLE = Automatic;
				CURRENT_PROJECT_VERSION = 1;
				DEVELOPMENT_ASSET_PATHS = "\"RGBColor/Preview Content\"";
				DEVELOPMENT_TEAM = 9W9M3JPL7S;
				ENABLE_PREVIEWS = YES;
				GENERATE_INFOPLIST_FILE = YES;
				INFOPLIST_KEY_UIApplicationSceneManifest_Generation = YES;
				INFOPLIST_KEY_UIApplicationSupportsIndirectInputEvents = YES;
				INFOPLIST_KEY_UILaunchScreen_Generation = YES;
				INFOPLIST_KEY_UISupportedInterfaceOrientations_iPad = "UIInterfaceOrientationPortrait UIInterfaceOrientationPortraitUpsideDown UIInterfaceOrientationLandscapeLeft UIInterfaceOrientationLandscapeRight";
				INFOPLIST_KEY_UISupportedInterfaceOrientations_iPhone = "UIInterfaceOrientationPortrait UIInterfaceOrientationLandscapeLeft UIInterfaceOrientationLandscapeRight";
				LD_RUNPATH_SEARCH_PATHS = (
					"$(inherited)",
					"@executable_path/Frameworks",
				);
				MARKETING_VERSION = 1.0;
				PRODUCT_BUNDLE_IDENTIFIER = "Aamer-Essa.RGBColor";
				PRODUCT_NAME = "$(TARGET_NAME)";
				SWIFT_EMIT_LOC_STRINGS = YES;
				SWIFT_VERSION = 5.0;
				TARGETED_DEVICE_FAMILY = "1,2";
			};
			name = Release;
		};
		3F5916092950F25A003AD258 /* Debug */ = {
			isa = XCBuildConfiguration;
			buildSettings = {
				ALWAYS_EMBED_SWIFT_STANDARD_LIBRARIES = YES;
				BUNDLE_LOADER = "$(TEST_HOST)";
				CODE_SIGN_STYLE = Automatic;
				CURRENT_PROJECT_VERSION = 1;
				DEVELOPMENT_TEAM = 9W9M3JPL7S;
				GENERATE_INFOPLIST_FILE = YES;
				IPHONEOS_DEPLOYMENT_TARGET = 16.2;
				MARKETING_VERSION = 1.0;
				PRODUCT_BUNDLE_IDENTIFIER = "Aamer-Essa.RGBColorTests";
				PRODUCT_NAME = "$(TARGET_NAME)";
				SWIFT_EMIT_LOC_STRINGS = NO;
				SWIFT_VERSION = 5.0;
				TARGETED_DEVICE_FAMILY = "1,2";
				TEST_HOST = "$(BUILT_PRODUCTS_DIR)/RGBColor.app/$(BUNDLE_EXECUTABLE_FOLDER_PATH)/RGBColor";
			};
			name = Debug;
		};
		3F59160A2950F25A003AD258 /* Release */ = {
			isa = XCBuildConfiguration;
			buildSettings = {
				ALWAYS_EMBED_SWIFT_STANDARD_LIBRARIES = YES;
				BUNDLE_LOADER = "$(TEST_HOST)";
				CODE_SIGN_STYLE = Automatic;
				CURRENT_PROJECT_VERSION = 1;
				DEVELOPMENT_TEAM = 9W9M3JPL7S;
				GENERATE_INFOPLIST_FILE = YES;
				IPHONEOS_DEPLOYMENT_TARGET = 16.2;
				MARKETING_VERSION = 1.0;
				PRODUCT_BUNDLE_IDENTIFIER = "Aamer-Essa.RGBColorTests";
				PRODUCT_NAME = "$(TARGET_NAME)";
				SWIFT_EMIT_LOC_STRINGS = NO;
				SWIFT_VERSION = 5.0;
				TARGETED_DEVICE_FAMILY = "1,2";
				TEST_HOST = "$(BUILT_PRODUCTS_DIR)/RGBColor.app/$(BUNDLE_EXECUTABLE_FOLDER_PATH)/RGBColor";
			};
			name = Release;
		};
		3F59160C2950F25A003AD258 /* Debug */ = {
			isa = XCBuildConfiguration;
			buildSettings = {
				ALWAYS_EMBED_SWIFT_STANDARD_LIBRARIES = YES;
				CODE_SIGN_STYLE = Automatic;
				CURRENT_PROJECT_VERSION = 1;
				DEVELOPMENT_TEAM = 9W9M3JPL7S;
				GENERATE_INFOPLIST_FILE = YES;
				MARKETING_VERSION = 1.0;
				PRODUCT_BUNDLE_IDENTIFIER = "Aamer-Essa.RGBColorUITests";
				PRODUCT_NAME = "$(TARGET_NAME)";
				SWIFT_EMIT_LOC_STRINGS = NO;
				SWIFT_VERSION = 5.0;
				TARGETED_DEVICE_FAMILY = "1,2";
				TEST_TARGET_NAME = RGBColor;
			};
			name = Debug;
		};
		3F59160D2950F25A003AD258 /* Release */ = {
			isa = XCBuildConfiguration;
			buildSettings = {
				ALWAYS_EMBED_SWIFT_STANDARD_LIBRARIES = YES;
				CODE_SIGN_STYLE = Automatic;
				CURRENT_PROJECT_VERSION = 1;
				DEVELOPMENT_TEAM = 9W9M3JPL7S;
				GENERATE_INFOPLIST_FILE = YES;
				MARKETING_VERSION = 1.0;
				PRODUCT_BUNDLE_IDENTIFIER = "Aamer-Essa.RGBColorUITests";
				PRODUCT_NAME = "$(TARGET_NAME)";
				SWIFT_EMIT_LOC_STRINGS = NO;
				SWIFT_VERSION = 5.0;
				TARGETED_DEVICE_FAMILY = "1,2";
				TEST_TARGET_NAME = RGBColor;
			};
			name = Release;
		};
/* End XCBuildConfiguration section */

/* Begin XCConfigurationList section */
		3F5915DC2950F259003AD258 /* Build configuration list for PBXProject "RGBColor" */ = {
			isa = XCConfigurationList;
			buildConfigurations = (
				3F5916032950F25A003AD258 /* Debug */,
				3F5916042950F25A003AD258 /* Release */,
			);
			defaultConfigurationIsVisible = 0;
			defaultConfigurationName = Release;
		};
		3F5916052950F25A003AD258 /* Build configuration list for PBXNativeTarget "RGBColor" */ = {
			isa = XCConfigurationList;
			buildConfigurations = (
				3F5916062950F25A003AD258 /* Debug */,
				3F5916072950F25A003AD258 /* Release */,
			);
			defaultConfigurationIsVisible = 0;
			defaultConfigurationName = Release;
		};
		3F5916082950F25A003AD258 /* Build configuration list for PBXNativeTarget "RGBColorTests" */ = {
			isa = XCConfigurationList;
			buildConfigurations = (
				3F5916092950F25A003AD258 /* Debug */,
				3F59160A2950F25A003AD258 /* Release */,
			);
			defaultConfigurationIsVisible = 0;
			defaultConfigurationName = Release;
		};
		3F59160B2950F25A003AD258 /* Build configuration list for PBXNativeTarget "RGBColorUITests" */ = {
			isa = XCConfigurationList;
			buildConfigurations = (
				3F59160C2950F25A003AD258 /* Debug */,
				3F59160D2950F25A003AD258 /* Release */,
			);
			defaultConfigurationIsVisible = 0;
			defaultConfigurationName = Release;
		};
/* End XCConfigurationList section */
	};
	rootObject = 3F5915D92950F259003AD258 /* Project object */;
}
